
Microsoft Visual Studio Solution File, Format Version 12.00
# Visual Studio Version 16
VisualStudioVersion = 16.0.29709.97
MinimumVisualStudioVersion = 10.0.40219.1
Project("{2150E333-8FDC-42A3-9474-1A3956D46DE8}") = "src", "src", "{4E41FD57-5FAB-4E3C-B16E-463DE98338BC}"
EndProject
Project("{2150E333-8FDC-42A3-9474-1A3956D46DE8}") = "assets", "assets", "{62D0B904-1D11-4962-A4A8-DE28672AA28B}"
	ProjectSection(SolutionItems) = preProject
		.editorconfig = .editorconfig
		.gitignore = .gitignore
		appveyor.yml = appveyor.yml
		Build.ps1 = Build.ps1
		CHANGES.md = CHANGES.md
		Directory.Build.props = Directory.Build.props
		assets\icon.png = assets\icon.png
		LICENSE = LICENSE
		README.md = README.md
		serilog-settings-configuration.sln.DotSettings = serilog-settings-configuration.sln.DotSettings
	EndProjectSection
EndProject
Project("{2150E333-8FDC-42A3-9474-1A3956D46DE8}") = "test", "test", "{D551DCB0-7771-4D01-BEBD-F7B57D1CF0E3}"
EndProject
Project("{2150E333-8FDC-42A3-9474-1A3956D46DE8}") = "sample", "sample", "{D24872B9-57F3-42A7-BC8D-F9DA222FCE1B}"
EndProject
Project("{9A19103F-16F7-4668-BE54-9A1E7A4F7556}") = "Serilog.Settings.Configuration", "src\Serilog.Settings.Configuration\Serilog.Settings.Configuration.csproj", "{21FF98ED-E68C-4A67-B241-C8D6122FAD7D}"
EndProject
Project("{9A19103F-16F7-4668-BE54-9A1E7A4F7556}") = "Serilog.Settings.Configuration.Tests", "test\Serilog.Settings.Configuration.Tests\Serilog.Settings.Configuration.Tests.csproj", "{F793C6E8-C40A-4018-8884-C97E2BE38A54}"
EndProject
Project("{9A19103F-16F7-4668-BE54-9A1E7A4F7556}") = "Sample", "sample\Sample\Sample.csproj", "{A00E5E32-54F9-401A-BBA1-2F6FCB6366CD}"
EndProject
Project("{9A19103F-16F7-4668-BE54-9A1E7A4F7556}") = "TestDummies", "test\TestDummies\TestDummies.csproj", "{B7CF5068-DD19-4868-A268-5280BDE90361}"
EndProject
Global
	GlobalSection(SolutionConfigurationPlatforms) = preSolution
		Debug|Any CPU = Debug|Any CPU
		Release|Any CPU = Release|Any CPU
	EndGlobalSection
	GlobalSection(ProjectConfigurationPlatforms) = postSolution
		{21FF98ED-E68C-4A67-B241-C8D6122FAD7D}.Debug|Any CPU.ActiveCfg = Debug|Any CPU
		{21FF98ED-E68C-4A67-B241-C8D6122FAD7D}.Debug|Any CPU.Build.0 = Debug|Any CPU
		{21FF98ED-E68C-4A67-B241-C8D6122FAD7D}.Release|Any CPU.ActiveCfg = Release|Any CPU
		{21FF98ED-E68C-4A67-B241-C8D6122FAD7D}.Release|Any CPU.Build.0 = Release|Any CPU
		{F793C6E8-C40A-4018-8884-C97E2BE38A54}.Debug|Any CPU.ActiveCfg = Debug|Any CPU
		{F793C6E8-C40A-4018-8884-C97E2BE38A54}.Debug|Any CPU.Build.0 = Debug|Any CPU
		{F793C6E8-C40A-4018-8884-C97E2BE38A54}.Release|Any CPU.ActiveCfg = Release|Any CPU
		{F793C6E8-C40A-4018-8884-C97E2BE38A54}.Release|Any CPU.Build.0 = Release|Any CPU
		{A00E5E32-54F9-401A-BBA1-2F6FCB6366CD}.Debug|Any CPU.ActiveCfg = Debug|Any CPU
		{A00E5E32-54F9-401A-BBA1-2F6FCB6366CD}.Debug|Any CPU.Build.0 = Debug|Any CPU
		{A00E5E32-54F9-401A-BBA1-2F6FCB6366CD}.Release|Any CPU.ActiveCfg = Release|Any CPU
		{A00E5E32-54F9-401A-BBA1-2F6FCB6366CD}.Release|Any CPU.Build.0 = Release|Any CPU
		{B7CF5068-DD19-4868-A268-5280BDE90361}.Debug|Any CPU.ActiveCfg = Debug|Any CPU
		{B7CF5068-DD19-4868-A268-5280BDE90361}.Debug|Any CPU.Build.0 = Debug|Any CPU
		{B7CF5068-DD19-4868-A268-5280BDE90361}.Release|Any CPU.ActiveCfg = Release|Any CPU
		{B7CF5068-DD19-4868-A268-5280BDE90361}.Release|Any CPU.Build.0 = Release|Any CPU
	EndGlobalSection
	GlobalSection(SolutionProperties) = preSolution
		HideSolutionNode = FALSE
	EndGlobalSection
	GlobalSection(NestedProjects) = preSolution
		{21FF98ED-E68C-4A67-B241-C8D6122FAD7D} = {4E41FD57-5FAB-4E3C-B16E-463DE98338BC}
		{F793C6E8-C40A-4018-8884-C97E2BE38A54} = {D551DCB0-7771-4D01-BEBD-F7B57D1CF0E3}
		{A00E5E32-54F9-401A-BBA1-2F6FCB6366CD} = {D24872B9-57F3-42A7-BC8D-F9DA222FCE1B}
		{B7CF5068-DD19-4868-A268-5280BDE90361} = {D551DCB0-7771-4D01-BEBD-F7B57D1CF0E3}
	EndGlobalSection
	GlobalSection(ExtensibilityGlobals) = postSolution
		SolutionGuid = {485F8843-42D7-4267-B5FB-20FE9181DEE9}
	EndGlobalSection
EndGlobal
