
Microsoft Visual Studio Solution File, Format Version 12.00
# Visual Studio 14
VisualStudioVersion = 14.0.24720.0
MinimumVisualStudioVersion = 10.0.40219.1
Project("{2150E333-8FDC-42A3-9474-1A3956D46DE8}") = "src", "src", "{4E41FD57-5FAB-4E3C-B16E-463DE98338BC}"
EndProject
Project("{2150E333-8FDC-42A3-9474-1A3956D46DE8}") = "Solution Items", "Solution Items", "{62D0B904-1D11-4962-A4A8-DE28672AA28B}"
	ProjectSection(SolutionItems) = preProject
		appveyor.yml = appveyor.yml
		Build.ps1 = Build.ps1
		global.json = global.json
		LICENSE = LICENSE
		README.md = README.md
	EndProjectSection
EndProject
Project("{8BB2217D-0F2D-49D1-97BC-3654ED321F3B}") = "Serilog.Settings.Configuration", "src\Serilog.Settings.Configuration\Serilog.Settings.Configuration.xproj", "{21FF98ED-E68C-4A67-B241-C8D6122FAD7D}"
EndProject
Project("{2150E333-8FDC-42A3-9474-1A3956D46DE8}") = "test", "test", "{D551DCB0-7771-4D01-BEBD-F7B57D1CF0E3}"
EndProject
Project("{8BB2217D-0F2D-49D1-97BC-3654ED321F3B}") = "Serilog.Settings.Configuration.Tests", "test\Serilog.Settings.Configuration.Tests\Serilog.Settings.Configuration.Tests.xproj", "{F793C6E8-C40A-4018-8884-C97E2BE38A54}"
EndProject
Project("{2150E333-8FDC-42A3-9474-1A3956D46DE8}") = "sample", "sample", "{D24872B9-57F3-42A7-BC8D-F9DA222FCE1B}"
EndProject
Project("{8BB2217D-0F2D-49D1-97BC-3654ED321F3B}") = "Sample", "sample\Sample\Sample.xproj", "{A00E5E32-54F9-401A-BBA1-2F6FCB6366CD}"
EndProject
Global
	GlobalSection(SolutionConfigurationPlatforms) = preSolution
		Debug|Any CPU = Debug|Any CPU
		Release|Any CPU = Release|Any CPU
	EndGlobalSection
	GlobalSection(ProjectConfigurationPlatforms) = postSolution
		{21FF98ED-E68C-4A67-B241-C8D6122FAD7D}.Debug|Any CPU.ActiveCfg = Debug|Any CPU
		{21FF98ED-E68C-4A67-B241-C8D6122FAD7D}.Debug|Any CPU.Build.0 = Debug|Any CPU
		{21FF98ED-E68C-4A67-B241-C8D6122FAD7D}.Release|Any CPU.ActiveCfg = Release|Any CPU
		{21FF98ED-E68C-4A67-B241-C8D6122FAD7D}.Release|Any CPU.Build.0 = Release|Any CPU
		{F793C6E8-C40A-4018-8884-C97E2BE38A54}.Debug|Any CPU.ActiveCfg = Debug|Any CPU
		{F793C6E8-C40A-4018-8884-C97E2BE38A54}.Debug|Any CPU.Build.0 = Debug|Any CPU
		{F793C6E8-C40A-4018-8884-C97E2BE38A54}.Release|Any CPU.ActiveCfg = Release|Any CPU
		{F793C6E8-C40A-4018-8884-C97E2BE38A54}.Release|Any CPU.Build.0 = Release|Any CPU
		{A00E5E32-54F9-401A-BBA1-2F6FCB6366CD}.Debug|Any CPU.ActiveCfg = Debug|Any CPU
		{A00E5E32-54F9-401A-BBA1-2F6FCB6366CD}.Debug|Any CPU.Build.0 = Debug|Any CPU
		{A00E5E32-54F9-401A-BBA1-2F6FCB6366CD}.Release|Any CPU.ActiveCfg = Release|Any CPU
		{A00E5E32-54F9-401A-BBA1-2F6FCB6366CD}.Release|Any CPU.Build.0 = Release|Any CPU
	EndGlobalSection
	GlobalSection(SolutionProperties) = preSolution
		HideSolutionNode = FALSE
	EndGlobalSection
	GlobalSection(NestedProjects) = preSolution
		{21FF98ED-E68C-4A67-B241-C8D6122FAD7D} = {4E41FD57-5FAB-4E3C-B16E-463DE98338BC}
		{F793C6E8-C40A-4018-8884-C97E2BE38A54} = {D551DCB0-7771-4D01-BEBD-F7B57D1CF0E3}
		{A00E5E32-54F9-401A-BBA1-2F6FCB6366CD} = {D24872B9-57F3-42A7-BC8D-F9DA222FCE1B}
	EndGlobalSection
EndGlobal
